{
    "_readme": [
        "This file locks the dependencies of your project to a known state",
        "Read more about it at https://getcomposer.org/doc/01-basic-usage.md#composer-lock-the-lock-file",
        "This file is @generated automatically"
    ],
    "content-hash": "5ef1c9616ec4f6b94f42bc070fcc4183",
    "packages": [
        {
            "name": "xiag/rql-parser",
            "version": "v2.0.0",
            "source": {
                "type": "git",
                "url": "https://github.com/xiag-ag/rql-parser.git",
                "reference": "4f6b0a2b611fb767131aa599422d819968817a12"
            },
            "dist": {
                "type": "zip",
                "url": "https://api.github.com/repos/xiag-ag/rql-parser/zipball/4f6b0a2b611fb767131aa599422d819968817a12",
                "reference": "4f6b0a2b611fb767131aa599422d819968817a12",
                "shasum": ""
            },
            "require": {
                "php": ">=5.5"
            },
            "require-dev": {
                "phpunit/phpunit": "*",
                "squizlabs/php_codesniffer": "~2.0"
            },
            "suggest": {
                "xiag/rql-command": "Console commands to visualize your RQL code"
            },
            "type": "library",
            "autoload": {
                "psr-4": {
                    "Xiag\\Rql\\Parser\\": "src/"
                }
            },
            "notification-url": "https://packagist.org/downloads/",
            "license": [
                "GPL-2.0"
            ],
            "keywords": [
                "language",
                "parser",
                "query",
                "resource",
                "rest",
                "rql"
            ],
            "time": "2016-07-03T08:57:38+00:00"
        }
    ],
    "packages-dev": [],
    "aliases": [],
    "minimum-stability": "stable",
    "stability-flags": [],
    "prefer-stable": false,
    "prefer-lowest": false,
    "platform": [],
    "platform-dev": []
}
